
Microsoft Visual Studio Solution File, Format Version 12.00
# Visual Studio Version 17
VisualStudioVersion = 17.11.35327.3
MinimumVisualStudioVersion = 10.0.40219.1
Project("{FAE04EC0-301F-11D3-BF4B-00C04F79EFBC}") = "AnimalLinq", "AnimalLinq.csproj", "{6B9A677A-93E6-4D9E-9D73-6012EAEA5CAC}"
EndProject
Global
	GlobalSection(SolutionConfigurationPlatforms) = preSolution
		Debug|Any CPU = Debug|Any CPU
		Release|Any CPU = Release|Any CPU
	EndGlobalSection
	GlobalSection(ProjectConfigurationPlatforms) = postSolution
		{6B9A677A-93E6-4D9E-9D73-6012EAEA5CAC}.Debug|Any CPU.ActiveCfg = Debug|Any CPU
		{6B9A677A-93E6-4D9E-9D73-6012EAEA5CAC}.Debug|Any CPU.Build.0 = Debug|Any CPU
		{6B9A677A-93E6-4D9E-9D73-6012EAEA5CAC}.Release|Any CPU.ActiveCfg = Release|Any CPU
		{6B9A677A-93E6-4D9E-9D73-6012EAEA5CAC}.Release|Any CPU.Build.0 = Release|Any CPU
	EndGlobalSection
	GlobalSection(SolutionProperties) = preSolution
		HideSolutionNode = FALSE
	EndGlobalSection
	GlobalSection(ExtensibilityGlobals) = postSolution
		SolutionGuid = {FA800B58-C77F-49D3-9229-1A8DC5CE97CC}
	EndGlobalSection
EndGlobal
